<?xml version="1.0" encoding="utf-8"?>
<Project ToolsVersion="4.0" xmlns="http://schemas.microsoft.com/developer/msbuild/2003">
  <ItemGroup>
    <Filter Include="inc">
      <UniqueIdentifier>{b74b14a9-056e-425d-ad4f-ccb0543b793e}</UniqueIdentifier>
    </Filter>
    <Filter Include="src">
      <UniqueIdentifier>{9c98e703-36eb-4ed9-a5dc-060cf615d17a}</UniqueIdentifier>
    </Filter>
  </ItemGroup>
  <ItemGroup>
    <ClInclude Include="inc\win32_struct.h">
      <Filter>inc</Filter>
    </ClInclude>
    <ClInclude Include="inc\common.h">
      <Filter>inc</Filter>
    </ClInclude>
    <ClInclude Include="inc\iset.h">
      <Filter>inc</Filter>
    </ClInclude>
    <ClInclude Include="inc\exenv.h">
      <Filter>inc</Filter>
    </ClInclude>
    <ClInclude Include="inc\error.h">
      <Filter>inc</Filter>
    </ClInclude>
    <ClInclude Include="inc\cmdline.h">
      <Filter>inc</Filter>
    </ClInclude>
    <ClInclude Include="inc\dbgdata.h">
      <Filter>inc</Filter>
    </ClInclude>
    <ClInclude Include="inc\fltmath.h">
      <Filter>inc</Filter>
    </ClInclude>
    <ClInclude Include="inc\filedmp.h">
      <Filter>inc</Filter>
    </ClInclude>
  </ItemGroup>
  <ItemGroup>
    <ClCompile Include="src\main.cpp">
      <Filter>src</Filter>
    </ClCompile>
  </ItemGroup>
</Project>